
Microsoft Visual Studio Solution File, Format Version 12.00
# Visual Studio Version 17
VisualStudioVersion = 17.13.35913.81 d17.13
MinimumVisualStudioVersion = 10.0.40219.1
Project("{FAE04EC0-301F-11D3-BF4B-00C04F79EFBC}") = "ClinicaApp", "ClinicaApp\ClinicaApp.csproj", "{20B52337-CE92-4927-A252-00893D675293}"
EndProject
Global
	GlobalSection(SolutionConfigurationPlatforms) = preSolution
		Debug|Any CPU = Debug|Any CPU
		Release|Any CPU = Release|Any CPU
	EndGlobalSection
	GlobalSection(ProjectConfigurationPlatforms) = postSolution
		{20B52337-CE92-4927-A252-00893D675293}.Debug|Any CPU.ActiveCfg = Debug|Any CPU
		{20B52337-CE92-4927-A252-00893D675293}.Debug|Any CPU.Build.0 = Debug|Any CPU
		{20B52337-CE92-4927-A252-00893D675293}.Release|Any CPU.ActiveCfg = Release|Any CPU
		{20B52337-CE92-4927-A252-00893D675293}.Release|Any CPU.Build.0 = Release|Any CPU
	EndGlobalSection
	GlobalSection(SolutionProperties) = preSolution
		HideSolutionNode = FALSE
	EndGlobalSection
	GlobalSection(ExtensibilityGlobals) = postSolution
		SolutionGuid = {7A5971D7-5C3A-47C1-B819-FF7AE69F681F}
	EndGlobalSection
EndGlobal
